// !$*UTF8*$!
{
	archiveVersion = 1;
	classes = {
	};
	objectVersion = 50;
	objects = {

/* Begin PBXBuildFile section */
		D59D477A21B6FC24006C2A2F /* AppDelegate.swift in Sources */ = {isa = PBXBuildFile; fileRef = D59D477921B6FC24006C2A2F /* AppDelegate.swift */; };
		D59D477C21B6FC25006C2A2F /* Assets.xcassets in Resources */ = {isa = PBXBuildFile; fileRef = D59D477B21B6FC25006C2A2F /* Assets.xcassets */; };
		D59D477F21B6FC25006C2A2F /* MainMenu.xib in Resources */ = {isa = PBXBuildFile; fileRef = D59D477D21B6FC25006C2A2F /* MainMenu.xib */; };
		D59D478821B6FD41006C2A2F /* AoCInput.txt in Resources */ = {isa = PBXBuildFile; fileRef = D59D478721B6FD41006C2A2F /* AoCInput.txt */; };
		D5C69470239B4FC700D5BB28 /* Rectangle.swift in Sources */ = {isa = PBXBuildFile; fileRef = D5C6946F239B4FC700D5BB28 /* Rectangle.swift */; };
		D5C69474239B4FD100D5BB28 /* Grid.swift in Sources */ = {isa = PBXBuildFile; fileRef = D5C69473239B4FD100D5BB28 /* Grid.swift */; };
		D5C6947A239B51AD00D5BB28 /* StringSubscripts.swift in Sources */ = {isa = PBXBuildFile; fileRef = D5C69479239B51AD00D5BB28 /* StringSubscripts.swift */; };
/* End PBXBuildFile section */

/* Begin PBXFileReference section */
		D59D477621B6FC24006C2A2F /* AOC2019D8.app */ = {isa = PBXFileReference; explicitFileType = wrapper.application; includeInIndex = 0; path = AOC2019D8.app; sourceTree = BUILT_PRODUCTS_DIR; };
		D59D477921B6FC24006C2A2F /* AppDelegate.swift */ = {isa = PBXFileReference; lastKnownFileType = sourcecode.swift; path = AppDelegate.swift; sourceTree = "<group>"; };
		D59D477B21B6FC25006C2A2F /* Assets.xcassets */ = {isa = PBXFileReference; lastKnownFileType = folder.assetcatalog; path = Assets.xcassets; sourceTree = "<group>"; };
		D59D477E21B6FC25006C2A2F /* Base */ = {isa = PBXFileReference; lastKnownFileType = file.xib; name = Base; path = Base.lproj/MainMenu.xib; sourceTree = "<group>"; };
		D59D478021B6FC25006C2A2F /* Info.plist */ = {isa = PBXFileReference; lastKnownFileType = text.plist.xml; path = Info.plist; sourceTree = "<group>"; };
		D59D478121B6FC25006C2A2F /* AOC.entitlements */ = {isa = PBXFileReference; lastKnownFileType = text.plist.entitlements; path = AOC.entitlements; sourceTree = "<group>"; };
		D59D478721B6FD41006C2A2F /* AoCInput.txt */ = {isa = PBXFileReference; fileEncoding = 4; lastKnownFileType = text; path = AoCInput.txt; sourceTree = "<group>"; };
		D5C6946F239B4FC700D5BB28 /* Rectangle.swift */ = {isa = PBXFileReference; fileEncoding = 4; lastKnownFileType = sourcecode.swift; path = Rectangle.swift; sourceTree = "<group>"; };
		D5C69473239B4FD100D5BB28 /* Grid.swift */ = {isa = PBXFileReference; fileEncoding = 4; lastKnownFileType = sourcecode.swift; path = Grid.swift; sourceTree = "<group>"; };
		D5C69479239B51AD00D5BB28 /* StringSubscripts.swift */ = {isa = PBXFileReference; fileEncoding = 4; lastKnownFileType = sourcecode.swift; path = StringSubscripts.swift; sourceTree = "<group>"; };
/* End PBXFileReference section */

/* Begin PBXFrameworksBuildPhase section */
		D59D477321B6FC24006C2A2F /* Frameworks */ = {
			isa = PBXFrameworksBuildPhase;
			buildActionMask = 2147483647;
			files = (
			);
			runOnlyForDeploymentPostprocessing = 0;
		};
/* End PBXFrameworksBuildPhase section */

/* Begin PBXGroup section */
		D59D476D21B6FC24006C2A2F = {
			isa = PBXGroup;
			children = (
				D59D477921B6FC24006C2A2F /* AppDelegate.swift */,
				D59D477B21B6FC25006C2A2F /* Assets.xcassets */,
				D59D477D21B6FC25006C2A2F /* MainMenu.xib */,
				D59D478021B6FC25006C2A2F /* Info.plist */,
				D59D478721B6FD41006C2A2F /* AoCInput.txt */,
				D5C69473239B4FD100D5BB28 /* Grid.swift */,
				D5C6946F239B4FC700D5BB28 /* Rectangle.swift */,
				D5C69479239B51AD00D5BB28 /* StringSubscripts.swift */,
				D59D478121B6FC25006C2A2F /* AOC.entitlements */,
				D59D477721B6FC24006C2A2F /* Products */,
			);
			sourceTree = "<group>";
		};
		D59D477721B6FC24006C2A2F /* Products */ = {
			isa = PBXGroup;
			children = (
				D59D477621B6FC24006C2A2F /* AOC2019D8.app */,
			);
			name = Products;
			sourceTree = "<group>";
		};
/* End PBXGroup section */

/* Begin PBXNativeTarget section */
		D59D477521B6FC24006C2A2F /* AOC2019D8 */ = {
			isa = PBXNativeTarget;
			buildConfigurationList = D59D478421B6FC25006C2A2F /* Build configuration list for PBXNativeTarget "AOC2019D8" */;
			buildPhases = (
				D59D477221B6FC24006C2A2F /* Sources */,
				D59D477321B6FC24006C2A2F /* Frameworks */,
				D59D477421B6FC24006C2A2F /* Resources */,
			);
			buildRules = (
			);
			dependencies = (
			);
			name = AOC2019D8;
			productName = "AOC2018-1";
			productReference = D59D477621B6FC24006C2A2F /* AOC2019D8.app */;
			productType = "com.apple.product-type.application";
		};
/* End PBXNativeTarget section */

/* Begin PBXProject section */
		D59D476E21B6FC24006C2A2F /* Project object */ = {
			isa = PBXProject;
			attributes = {
				LastSwiftUpdateCheck = 1000;
				LastUpgradeCheck = 1000;
				ORGANIZATIONNAME = Microsoft;
				TargetAttributes = {
					D59D477521B6FC24006C2A2F = {
						CreatedOnToolsVersion = 10.0;
					};
				};
			};
			buildConfigurationList = D59D477121B6FC24006C2A2F /* Build configuration list for PBXProject "AOC" */;
			compatibilityVersion = "Xcode 9.3";
			developmentRegion = en;
			hasScannedForEncodings = 0;
			knownRegions = (
				en,
				Base,
			);
			mainGroup = D59D476D21B6FC24006C2A2F;
			productRefGroup = D59D477721B6FC24006C2A2F /* Products */;
			projectDirPath = "";
			projectRoot = "";
			targets = (
				D59D477521B6FC24006C2A2F /* AOC2019D8 */,
			);
		};
/* End PBXProject section */

/* Begin PBXResourcesBuildPhase section */
		D59D477421B6FC24006C2A2F /* Resources */ = {
			isa = PBXResourcesBuildPhase;
			buildActionMask = 2147483647;
			files = (
				D59D478821B6FD41006C2A2F /* AoCInput.txt in Resources */,
				D59D477C21B6FC25006C2A2F /* Assets.xcassets in Resources */,
				D59D477F21B6FC25006C2A2F /* MainMenu.xib in Resources */,
			);
			runOnlyForDeploymentPostprocessing = 0;
		};
/* End PBXResourcesBuildPhase section */

/* Begin PBXSourcesBuildPhase section */
		D59D477221B6FC24006C2A2F /* Sources */ = {
			isa = PBXSourcesBuildPhase;
			buildActionMask = 2147483647;
			files = (
				D5C69470239B4FC700D5BB28 /* Rectangle.swift in Sources */,
				D59D477A21B6FC24006C2A2F /* AppDelegate.swift in Sources */,
				D5C69474239B4FD100D5BB28 /* Grid.swift in Sources */,
				D5C6947A239B51AD00D5BB28 /* StringSubscripts.swift in Sources */,
			);
			runOnlyForDeploymentPostprocessing = 0;
		};
/* End PBXSourcesBuildPhase section */

/* Begin PBXVariantGroup section */
		D59D477D21B6FC25006C2A2F /* MainMenu.xib */ = {
			isa = PBXVariantGroup;
			children = (
				D59D477E21B6FC25006C2A2F /* Base */,
			);
			name = MainMenu.xib;
			sourceTree = "<group>";
		};
/* End PBXVariantGroup section */

/* Begin XCBuildConfiguration section */
		D59D478221B6FC25006C2A2F /* Debug */ = {
			isa = XCBuildConfiguration;
			buildSettings = {
				ALWAYS_SEARCH_USER_PATHS = NO;
				CLANG_ANALYZER_NONNULL = YES;
				CLANG_ANALYZER_NUMBER_OBJECT_CONVERSION = YES_AGGRESSIVE;
				CLANG_CXX_LANGUAGE_STANDARD = "gnu++14";
				CLANG_CXX_LIBRARY = "libc++";
				CLANG_ENABLE_MODULES = YES;
				CLANG_ENABLE_OBJC_ARC = YES;
				CLANG_ENABLE_OBJC_WEAK = YES;
				CLANG_WARN_BLOCK_CAPTURE_AUTORELEASING = YES;
				CLANG_WARN_BOOL_CONVERSION = YES;
				CLANG_WARN_COMMA = YES;
				CLANG_WARN_CONSTANT_CONVERSION = YES;
				CLANG_WARN_DEPRECATED_OBJC_IMPLEMENTATIONS = YES;
				CLANG_WARN_DIRECT_OBJC_ISA_USAGE = YES_ERROR;
				CLANG_WARN_DOCUMENTATION_COMMENTS = YES;
				CLANG_WARN_EMPTY_BODY = YES;
				CLANG_WARN_ENUM_CONVERSION = YES;
				CLANG_WARN_INFINITE_RECURSION = YES;
				CLANG_WARN_INT_CONVERSION = YES;
				CLANG_WARN_NON_LITERAL_NULL_CONVERSION = YES;
				CLANG_WARN_OBJC_IMPLICIT_RETAIN_SELF = YES;
				CLANG_WARN_OBJC_LITERAL_CONVERSION = YES;
				CLANG_WARN_OBJC_ROOT_CLASS = YES_ERROR;
				CLANG_WARN_RANGE_LOOP_ANALYSIS = YES;
				CLANG_WARN_STRICT_PROTOTYPES = YES;
				CLANG_WARN_SUSPICIOUS_MOVE = YES;
				CLANG_WARN_UNGUARDED_AVAILABILITY = YES_AGGRESSIVE;
				CLANG_WARN_UNREACHABLE_CODE = YES;
				CLANG_WARN__DUPLICATE_METHOD_MATCH = YES;
				CODE_SIGN_IDENTITY = "-";
				COPY_PHASE_STRIP = NO;
				DEBUG_INFORMATION_FORMAT = dwarf;
				ENABLE_STRICT_OBJC_MSGSEND = YES;
				ENABLE_TESTABILITY = YES;
				GCC_C_LANGUAGE_STANDARD = gnu11;
				GCC_DYNAMIC_NO_PIC = NO;
				GCC_NO_COMMON_BLOCKS = YES;
				GCC_OPTIMIZATION_LEVEL = 0;
				GCC_PREPROCESSOR_DEFINITIONS = (
					"DEBUG=1",
					"$(inherited)",
				);
				GCC_WARN_64_TO_32_BIT_CONVERSION = YES;
				GCC_WARN_ABOUT_RETURN_TYPE = YES_ERROR;
				GCC_WARN_UNDECLARED_SELECTOR = YES;
				GCC_WARN_UNINITIALIZED_AUTOS = YES_AGGRESSIVE;
				GCC_WARN_UNUSED_FUNCTION = YES;
				GCC_WARN_UNUSED_VARIABLE = YES;
				MACOSX_DEPLOYMENT_TARGET = 10.13;
				MTL_ENABLE_DEBUG_INFO = INCLUDE_SOURCE;
				MTL_FAST_MATH = YES;
				ONLY_ACTIVE_ARCH = YES;
				SDKROOT = macosx;
				SWIFT_ACTIVE_COMPILATION_CONDITIONS = DEBUG;
				SWIFT_OPTIMIZATION_LEVEL = "-Onone";
			};
			name = Debug;
		};
		D59D478321B6FC25006C2A2F /* Release */ = {
			isa = XCBuildConfiguration;
			buildSettings = {
				ALWAYS_SEARCH_USER_PATHS = NO;
				CLANG_ANALYZER_NONNULL = YES;
				CLANG_ANALYZER_NUMBER_OBJECT_CONVERSION = YES_AGGRESSIVE;
				CLANG_CXX_LANGUAGE_STANDARD = "gnu++14";
				CLANG_CXX_LIBRARY = "libc++";
				CLANG_ENABLE_MODULES = YES;
				CLANG_ENABLE_OBJC_ARC = YES;
				CLANG_ENABLE_OBJC_WEAK = YES;
				CLANG_WARN_BLOCK_CAPTURE_AUTORELEASING = YES;
				CLANG_WARN_BOOL_CONVERSION = YES;
				CLANG_WARN_COMMA = YES;
				CLANG_WARN_CONSTANT_CONVERSION = YES;
				CLANG_WARN_DEPRECATED_OBJC_IMPLEMENTATIONS = YES;
				CLANG_WARN_DIRECT_OBJC_ISA_USAGE = YES_ERROR;
				CLANG_WARN_DOCUMENTATION_COMMENTS = YES;
				CLANG_WARN_EMPTY_BODY = YES;
				CLANG_WARN_ENUM_CONVERSION = YES;
				CLANG_WARN_INFINITE_RECURSION = YES;
				CLANG_WARN_INT_CONVERSION = YES;
				CLANG_WARN_NON_LITERAL_NULL_CONVERSION = YES;
				CLANG_WARN_OBJC_IMPLICIT_RETAIN_SELF = YES;
				CLANG_WARN_OBJC_LITERAL_CONVERSION = YES;
				CLANG_WARN_OBJC_ROOT_CLASS = YES_ERROR;
				CLANG_WARN_RANGE_LOOP_ANALYSIS = YES;
				CLANG_WARN_STRICT_PROTOTYPES = YES;
				CLANG_WARN_SUSPICIOUS_MOVE = YES;
				CLANG_WARN_UNGUARDED_AVAILABILITY = YES_AGGRESSIVE;
				CLANG_WARN_UNREACHABLE_CODE = YES;
				CLANG_WARN__DUPLICATE_METHOD_MATCH = YES;
				CODE_SIGN_IDENTITY = "-";
				COPY_PHASE_STRIP = NO;
				DEBUG_INFORMATION_FORMAT = "dwarf-with-dsym";
				ENABLE_NS_ASSERTIONS = NO;
				ENABLE_STRICT_OBJC_MSGSEND = YES;
				GCC_C_LANGUAGE_STANDARD = gnu11;
				GCC_NO_COMMON_BLOCKS = YES;
				GCC_WARN_64_TO_32_BIT_CONVERSION = YES;
				GCC_WARN_ABOUT_RETURN_TYPE = YES_ERROR;
				GCC_WARN_UNDECLARED_SELECTOR = YES;
				GCC_WARN_UNINITIALIZED_AUTOS = YES_AGGRESSIVE;
				GCC_WARN_UNUSED_FUNCTION = YES;
				GCC_WARN_UNUSED_VARIABLE = YES;
				MACOSX_DEPLOYMENT_TARGET = 10.13;
				MTL_ENABLE_DEBUG_INFO = NO;
				MTL_FAST_MATH = YES;
				SDKROOT = macosx;
				SWIFT_COMPILATION_MODE = wholemodule;
				SWIFT_OPTIMIZATION_LEVEL = "-O";
			};
			name = Release;
		};
		D59D478521B6FC25006C2A2F /* Debug */ = {
			isa = XCBuildConfiguration;
			buildSettings = {
				ASSETCATALOG_COMPILER_APPICON_NAME = AppIcon;
				CODE_SIGN_ENTITLEMENTS = AOC.entitlements;
				CODE_SIGN_STYLE = Automatic;
				COMBINE_HIDPI_IMAGES = YES;
				INFOPLIST_FILE = Info.plist;
				LD_RUNPATH_SEARCH_PATHS = (
					"$(inherited)",
					"@executable_path/../Frameworks",
				);
				PRODUCT_BUNDLE_IDENTIFIER = microsoft.com.AOC2019D8;
				PRODUCT_NAME = "$(TARGET_NAME)";
				SWIFT_VERSION = 5.0;
			};
			name = Debug;
		};
		D59D478621B6FC25006C2A2F /* Release */ = {
			isa = XCBuildConfiguration;
			buildSettings = {
				ASSETCATALOG_COMPILER_APPICON_NAME = AppIcon;
				CODE_SIGN_ENTITLEMENTS = AOC.entitlements;
				CODE_SIGN_STYLE = Automatic;
				COMBINE_HIDPI_IMAGES = YES;
				INFOPLIST_FILE = Info.plist;
				LD_RUNPATH_SEARCH_PATHS = (
					"$(inherited)",
					"@executable_path/../Frameworks",
				);
				PRODUCT_BUNDLE_IDENTIFIER = microsoft.com.AOC2019D8;
				PRODUCT_NAME = "$(TARGET_NAME)";
				SWIFT_VERSION = 5.0;
			};
			name = Release;
		};
/* End XCBuildConfiguration section */

/* Begin XCConfigurationList section */
		D59D477121B6FC24006C2A2F /* Build configuration list for PBXProject "AOC" */ = {
			isa = XCConfigurationList;
			buildConfigurations = (
				D59D478221B6FC25006C2A2F /* Debug */,
				D59D478321B6FC25006C2A2F /* Release */,
			);
			defaultConfigurationIsVisible = 0;
			defaultConfigurationName = Release;
		};
		D59D478421B6FC25006C2A2F /* Build configuration list for PBXNativeTarget "AOC2019D8" */ = {
			isa = XCConfigurationList;
			buildConfigurations = (
				D59D478521B6FC25006C2A2F /* Debug */,
				D59D478621B6FC25006C2A2F /* Release */,
			);
			defaultConfigurationIsVisible = 0;
			defaultConfigurationName = Release;
		};
/* End XCConfigurationList section */
	};
	rootObject = D59D476E21B6FC24006C2A2F /* Project object */;
}
